
Microsoft Visual Studio Solution File, Format Version 12.00
# Visual Studio Version 17
VisualStudioVersion = 17.8.34511.84
MinimumVisualStudioVersion = 10.0.40219.1
Project("{FAE04EC0-301F-11D3-BF4B-00C04F79EFBC}") = "ExFixaçãoExceçõesPersonalizadas", "ExFixaçãoExceçõesPersonalizadas.csproj", "{D0226186-5943-443B-A41B-5B3CD81118A1}"
EndProject
Global
	GlobalSection(SolutionConfigurationPlatforms) = preSolution
		Debug|Any CPU = Debug|Any CPU
		Release|Any CPU = Release|Any CPU
	EndGlobalSection
	GlobalSection(ProjectConfigurationPlatforms) = postSolution
		{D0226186-5943-443B-A41B-5B3CD81118A1}.Debug|Any CPU.ActiveCfg = Debug|Any CPU
		{D0226186-5943-443B-A41B-5B3CD81118A1}.Debug|Any CPU.Build.0 = Debug|Any CPU
		{D0226186-5943-443B-A41B-5B3CD81118A1}.Release|Any CPU.ActiveCfg = Release|Any CPU
		{D0226186-5943-443B-A41B-5B3CD81118A1}.Release|Any CPU.Build.0 = Release|Any CPU
	EndGlobalSection
	GlobalSection(SolutionProperties) = preSolution
		HideSolutionNode = FALSE
	EndGlobalSection
	GlobalSection(ExtensibilityGlobals) = postSolution
		SolutionGuid = {D08BFD98-CD47-4DAB-809D-0605CC3CFDA3}
	EndGlobalSection
EndGlobal
