
Microsoft Visual Studio Solution File, Format Version 12.00
# Visual Studio Version 17
VisualStudioVersion = 17.8.34511.84
MinimumVisualStudioVersion = 10.0.40219.1
Project("{FAE04EC0-301F-11D3-BF4B-00C04F79EFBC}") = "HerdarXCumprirContrato", "HerdarXCumprirContrato.csproj", "{69E9B944-9B8A-45E0-AC18-83D0E8595649}"
EndProject
Global
	GlobalSection(SolutionConfigurationPlatforms) = preSolution
		Debug|Any CPU = Debug|Any CPU
		Release|Any CPU = Release|Any CPU
	EndGlobalSection
	GlobalSection(ProjectConfigurationPlatforms) = postSolution
		{69E9B944-9B8A-45E0-AC18-83D0E8595649}.Debug|Any CPU.ActiveCfg = Debug|Any CPU
		{69E9B944-9B8A-45E0-AC18-83D0E8595649}.Debug|Any CPU.Build.0 = Debug|Any CPU
		{69E9B944-9B8A-45E0-AC18-83D0E8595649}.Release|Any CPU.ActiveCfg = Release|Any CPU
		{69E9B944-9B8A-45E0-AC18-83D0E8595649}.Release|Any CPU.Build.0 = Release|Any CPU
	EndGlobalSection
	GlobalSection(SolutionProperties) = preSolution
		HideSolutionNode = FALSE
	EndGlobalSection
	GlobalSection(ExtensibilityGlobals) = postSolution
		SolutionGuid = {4FB1496D-DA74-4900-A663-2A319229F03A}
	EndGlobalSection
EndGlobal
