
Microsoft Visual Studio Solution File, Format Version 12.00
# Visual Studio Version 17
VisualStudioVersion = 17.8.34511.84
MinimumVisualStudioVersion = 10.0.40219.1
Project("{FAE04EC0-301F-11D3-BF4B-00C04F79EFBC}") = "ExPropostoConjuntos", "ExPropostoConjuntos.csproj", "{C41622E6-7CE7-4AA1-9AC7-DB5BD779D8DA}"
EndProject
Global
	GlobalSection(SolutionConfigurationPlatforms) = preSolution
		Debug|Any CPU = Debug|Any CPU
		Release|Any CPU = Release|Any CPU
	EndGlobalSection
	GlobalSection(ProjectConfigurationPlatforms) = postSolution
		{C41622E6-7CE7-4AA1-9AC7-DB5BD779D8DA}.Debug|Any CPU.ActiveCfg = Debug|Any CPU
		{C41622E6-7CE7-4AA1-9AC7-DB5BD779D8DA}.Debug|Any CPU.Build.0 = Debug|Any CPU
		{C41622E6-7CE7-4AA1-9AC7-DB5BD779D8DA}.Release|Any CPU.ActiveCfg = Release|Any CPU
		{C41622E6-7CE7-4AA1-9AC7-DB5BD779D8DA}.Release|Any CPU.Build.0 = Release|Any CPU
	EndGlobalSection
	GlobalSection(SolutionProperties) = preSolution
		HideSolutionNode = FALSE
	EndGlobalSection
	GlobalSection(ExtensibilityGlobals) = postSolution
		SolutionGuid = {96A52E5A-7C46-41A4-B1F1-9AE23FCF33D6}
	EndGlobalSection
EndGlobal
