
Microsoft Visual Studio Solution File, Format Version 12.00
# Visual Studio Version 17
VisualStudioVersion = 17.9.34723.18
MinimumVisualStudioVersion = 10.0.40219.1
Project("{FAE04EC0-301F-11D3-BF4B-00C04F79EFBC}") = "Action", "Action\Action.csproj", "{2AB45A1D-E8D0-462D-9915-37DE8EEB6292}"
EndProject
Global
	GlobalSection(SolutionConfigurationPlatforms) = preSolution
		Debug|Any CPU = Debug|Any CPU
		Release|Any CPU = Release|Any CPU
	EndGlobalSection
	GlobalSection(ProjectConfigurationPlatforms) = postSolution
		{2AB45A1D-E8D0-462D-9915-37DE8EEB6292}.Debug|Any CPU.ActiveCfg = Debug|Any CPU
		{2AB45A1D-E8D0-462D-9915-37DE8EEB6292}.Debug|Any CPU.Build.0 = Debug|Any CPU
		{2AB45A1D-E8D0-462D-9915-37DE8EEB6292}.Release|Any CPU.ActiveCfg = Release|Any CPU
		{2AB45A1D-E8D0-462D-9915-37DE8EEB6292}.Release|Any CPU.Build.0 = Release|Any CPU
	EndGlobalSection
	GlobalSection(SolutionProperties) = preSolution
		HideSolutionNode = FALSE
	EndGlobalSection
	GlobalSection(ExtensibilityGlobals) = postSolution
		SolutionGuid = {3D3F0397-3816-4091-BC64-1188E919480F}
	EndGlobalSection
EndGlobal
