
Microsoft Visual Studio Solution File, Format Version 12.00
# Visual Studio Version 17
VisualStudioVersion = 17.8.34511.84
MinimumVisualStudioVersion = 10.0.40219.1
Project("{FAE04EC0-301F-11D3-BF4B-00C04F79EFBC}") = "StreamWriter", "StreamWriter.csproj", "{4573ADAD-7DA6-4EF4-B303-0B96A690D620}"
EndProject
Global
	GlobalSection(SolutionConfigurationPlatforms) = preSolution
		Debug|Any CPU = Debug|Any CPU
		Release|Any CPU = Release|Any CPU
	EndGlobalSection
	GlobalSection(ProjectConfigurationPlatforms) = postSolution
		{4573ADAD-7DA6-4EF4-B303-0B96A690D620}.Debug|Any CPU.ActiveCfg = Debug|Any CPU
		{4573ADAD-7DA6-4EF4-B303-0B96A690D620}.Debug|Any CPU.Build.0 = Debug|Any CPU
		{4573ADAD-7DA6-4EF4-B303-0B96A690D620}.Release|Any CPU.ActiveCfg = Release|Any CPU
		{4573ADAD-7DA6-4EF4-B303-0B96A690D620}.Release|Any CPU.Build.0 = Release|Any CPU
	EndGlobalSection
	GlobalSection(SolutionProperties) = preSolution
		HideSolutionNode = FALSE
	EndGlobalSection
	GlobalSection(ExtensibilityGlobals) = postSolution
		SolutionGuid = {C6FFA93E-7F5F-43F6-8CFD-C5A6789BA8C2}
	EndGlobalSection
EndGlobal
