
Microsoft Visual Studio Solution File, Format Version 12.00
# Visual Studio Version 17
VisualStudioVersion = 17.8.34511.84
MinimumVisualStudioVersion = 10.0.40219.1
Project("{FAE04EC0-301F-11D3-BF4B-00C04F79EFBC}") = "Directory-DirectoryInfo", "Directory-DirectoryInfo.csproj", "{CFB093E1-B63C-490C-BD74-A38A80A29615}"
EndProject
Global
	GlobalSection(SolutionConfigurationPlatforms) = preSolution
		Debug|Any CPU = Debug|Any CPU
		Release|Any CPU = Release|Any CPU
	EndGlobalSection
	GlobalSection(ProjectConfigurationPlatforms) = postSolution
		{CFB093E1-B63C-490C-BD74-A38A80A29615}.Debug|Any CPU.ActiveCfg = Debug|Any CPU
		{CFB093E1-B63C-490C-BD74-A38A80A29615}.Debug|Any CPU.Build.0 = Debug|Any CPU
		{CFB093E1-B63C-490C-BD74-A38A80A29615}.Release|Any CPU.ActiveCfg = Release|Any CPU
		{CFB093E1-B63C-490C-BD74-A38A80A29615}.Release|Any CPU.Build.0 = Release|Any CPU
	EndGlobalSection
	GlobalSection(SolutionProperties) = preSolution
		HideSolutionNode = FALSE
	EndGlobalSection
	GlobalSection(ExtensibilityGlobals) = postSolution
		SolutionGuid = {F362AA83-74A5-4169-8542-89AB6D8DDF49}
	EndGlobalSection
EndGlobal
