
Microsoft Visual Studio Solution File, Format Version 12.00
# Visual Studio Version 17
VisualStudioVersion = 17.8.34511.84
MinimumVisualStudioVersion = 10.0.40219.1
Project("{FAE04EC0-301F-11D3-BF4B-00C04F79EFBC}") = "CourseExPolimorfismo", "CourseExPolimorfismo.csproj", "{00C47469-A7FB-437F-AB43-EF147B4E496D}"
EndProject
Global
	GlobalSection(SolutionConfigurationPlatforms) = preSolution
		Debug|Any CPU = Debug|Any CPU
		Release|Any CPU = Release|Any CPU
	EndGlobalSection
	GlobalSection(ProjectConfigurationPlatforms) = postSolution
		{00C47469-A7FB-437F-AB43-EF147B4E496D}.Debug|Any CPU.ActiveCfg = Debug|Any CPU
		{00C47469-A7FB-437F-AB43-EF147B4E496D}.Debug|Any CPU.Build.0 = Debug|Any CPU
		{00C47469-A7FB-437F-AB43-EF147B4E496D}.Release|Any CPU.ActiveCfg = Release|Any CPU
		{00C47469-A7FB-437F-AB43-EF147B4E496D}.Release|Any CPU.Build.0 = Release|Any CPU
	EndGlobalSection
	GlobalSection(SolutionProperties) = preSolution
		HideSolutionNode = FALSE
	EndGlobalSection
	GlobalSection(ExtensibilityGlobals) = postSolution
		SolutionGuid = {AC02AF23-448D-4D2F-964F-41B37854393A}
	EndGlobalSection
EndGlobal
