
Microsoft Visual Studio Solution File, Format Version 12.00
# Visual Studio Version 17
VisualStudioVersion = 17.9.34723.18
MinimumVisualStudioVersion = 10.0.40219.1
Project("{FAE04EC0-301F-11D3-BF4B-00C04F79EFBC}") = "Func Select", "Func Select\Func Select.csproj", "{490A1ABA-2F84-4E2D-838A-A1137A3CC613}"
EndProject
Global
	GlobalSection(SolutionConfigurationPlatforms) = preSolution
		Debug|Any CPU = Debug|Any CPU
		Release|Any CPU = Release|Any CPU
	EndGlobalSection
	GlobalSection(ProjectConfigurationPlatforms) = postSolution
		{490A1ABA-2F84-4E2D-838A-A1137A3CC613}.Debug|Any CPU.ActiveCfg = Debug|Any CPU
		{490A1ABA-2F84-4E2D-838A-A1137A3CC613}.Debug|Any CPU.Build.0 = Debug|Any CPU
		{490A1ABA-2F84-4E2D-838A-A1137A3CC613}.Release|Any CPU.ActiveCfg = Release|Any CPU
		{490A1ABA-2F84-4E2D-838A-A1137A3CC613}.Release|Any CPU.Build.0 = Release|Any CPU
	EndGlobalSection
	GlobalSection(SolutionProperties) = preSolution
		HideSolutionNode = FALSE
	EndGlobalSection
	GlobalSection(ExtensibilityGlobals) = postSolution
		SolutionGuid = {5F6E4AD7-36DF-4E72-BF3F-218B5E966415}
	EndGlobalSection
EndGlobal
