
Microsoft Visual Studio Solution File, Format Version 12.00
# Visual Studio Version 17
VisualStudioVersion = 17.8.34511.84
MinimumVisualStudioVersion = 10.0.40219.1
Project("{FAE04EC0-301F-11D3-BF4B-00C04F79EFBC}") = "SolucaoSemInterfaceP1", "SolucaoSemInterfaceP1.csproj", "{A247355D-850A-4959-A0BC-CDECE49EED3D}"
EndProject
Global
	GlobalSection(SolutionConfigurationPlatforms) = preSolution
		Debug|Any CPU = Debug|Any CPU
		Release|Any CPU = Release|Any CPU
	EndGlobalSection
	GlobalSection(ProjectConfigurationPlatforms) = postSolution
		{A247355D-850A-4959-A0BC-CDECE49EED3D}.Debug|Any CPU.ActiveCfg = Debug|Any CPU
		{A247355D-850A-4959-A0BC-CDECE49EED3D}.Debug|Any CPU.Build.0 = Debug|Any CPU
		{A247355D-850A-4959-A0BC-CDECE49EED3D}.Release|Any CPU.ActiveCfg = Release|Any CPU
		{A247355D-850A-4959-A0BC-CDECE49EED3D}.Release|Any CPU.Build.0 = Release|Any CPU
	EndGlobalSection
	GlobalSection(SolutionProperties) = preSolution
		HideSolutionNode = FALSE
	EndGlobalSection
	GlobalSection(ExtensibilityGlobals) = postSolution
		SolutionGuid = {E0484631-555C-4D16-A61A-A7DB3B409769}
	EndGlobalSection
EndGlobal
