
Microsoft Visual Studio Solution File, Format Version 12.00
# Visual Studio Version 17
VisualStudioVersion = 17.9.34723.18
MinimumVisualStudioVersion = 10.0.40219.1
Project("{FAE04EC0-301F-11D3-BF4B-00C04F79EFBC}") = "IntroducaoLINQ", "IntroducaoLINQ\IntroducaoLINQ.csproj", "{1E2EEA91-5A07-446C-B9D0-E546852ADA4C}"
EndProject
Global
	GlobalSection(SolutionConfigurationPlatforms) = preSolution
		Debug|Any CPU = Debug|Any CPU
		Release|Any CPU = Release|Any CPU
	EndGlobalSection
	GlobalSection(ProjectConfigurationPlatforms) = postSolution
		{1E2EEA91-5A07-446C-B9D0-E546852ADA4C}.Debug|Any CPU.ActiveCfg = Debug|Any CPU
		{1E2EEA91-5A07-446C-B9D0-E546852ADA4C}.Debug|Any CPU.Build.0 = Debug|Any CPU
		{1E2EEA91-5A07-446C-B9D0-E546852ADA4C}.Release|Any CPU.ActiveCfg = Release|Any CPU
		{1E2EEA91-5A07-446C-B9D0-E546852ADA4C}.Release|Any CPU.Build.0 = Release|Any CPU
	EndGlobalSection
	GlobalSection(SolutionProperties) = preSolution
		HideSolutionNode = FALSE
	EndGlobalSection
	GlobalSection(ExtensibilityGlobals) = postSolution
		SolutionGuid = {4BE6AEA1-42E7-487A-8EB9-467DF3CDD11E}
	EndGlobalSection
EndGlobal
